
Microsoft Visual Studio Solution File, Format Version 12.00
# Visual Studio Version 17
VisualStudioVersion = 17.11.35312.102
MinimumVisualStudioVersion = 10.0.40219.1
Project("{FAE04EC0-301F-11D3-BF4B-00C04F79EFBC}") = "Jump Statements", "Jump Statements.csproj", "{B871938D-0FBB-46F8-86A4-3E0F62B4430B}"
EndProject
Global
	GlobalSection(SolutionConfigurationPlatforms) = preSolution
		Debug|Any CPU = Debug|Any CPU
		Release|Any CPU = Release|Any CPU
	EndGlobalSection
	GlobalSection(ProjectConfigurationPlatforms) = postSolution
		{B871938D-0FBB-46F8-86A4-3E0F62B4430B}.Debug|Any CPU.ActiveCfg = Debug|Any CPU
		{B871938D-0FBB-46F8-86A4-3E0F62B4430B}.Debug|Any CPU.Build.0 = Debug|Any CPU
		{B871938D-0FBB-46F8-86A4-3E0F62B4430B}.Release|Any CPU.ActiveCfg = Release|Any CPU
		{B871938D-0FBB-46F8-86A4-3E0F62B4430B}.Release|Any CPU.Build.0 = Release|Any CPU
	EndGlobalSection
	GlobalSection(SolutionProperties) = preSolution
		HideSolutionNode = FALSE
	EndGlobalSection
	GlobalSection(ExtensibilityGlobals) = postSolution
		SolutionGuid = {CAECCA55-D1C1-42D0-BE1C-74D07F3BB7A2}
	EndGlobalSection
EndGlobal
